// !$*UTF8*$!
{
	archiveVersion = 1;
	classes = {
	};
	objectVersion = 50;
	objects = {

/* Begin PBXBuildFile section */
		4E3D0EFA20EFA6D00085D0BC /* AppDelegate.swift in Sources */ = {isa = PBXBuildFile; fileRef = 4E3D0EF920EFA6D00085D0BC /* AppDelegate.swift */; };
		4E3D0EFC20EFA6D00085D0BC /* ViewController.swift in Sources */ = {isa = PBXBuildFile; fileRef = 4E3D0EFB20EFA6D00085D0BC /* ViewController.swift */; };
		4E3D0EFF20EFA6D00085D0BC /* Main.storyboard in Resources */ = {isa = PBXBuildFile; fileRef = 4E3D0EFD20EFA6D00085D0BC /* Main.storyboard */; };
		4E3D0F0120EFA6D70085D0BC /* Assets.xcassets in Resources */ = {isa = PBXBuildFile; fileRef = 4E3D0F0020EFA6D70085D0BC /* Assets.xcassets */; };
		4E3D0F0420EFA6D70085D0BC /* LaunchScreen.storyboard in Resources */ = {isa = PBXBuildFile; fileRef = 4E3D0F0220EFA6D70085D0BC /* LaunchScreen.storyboard */; };
		4E3D0F0F20EFA6D70085D0BC /* JNU_tong_iOSTests.swift in Sources */ = {isa = PBXBuildFile; fileRef = 4E3D0F0E20EFA6D70085D0BC /* JNU_tong_iOSTests.swift */; };
		4EF84A1D2136B1F3000D3285 /* APIKey.plist in Resources */ = {isa = PBXBuildFile; fileRef = 4EF84A1C2136B1F3000D3285 /* APIKey.plist */; };
		61EFB04D360D0FA395E852FB /* Pods_JNU_tong_iOSTests.framework in Frameworks */ = {isa = PBXBuildFile; fileRef = CD2E3A3280F82C29F607AA6F /* Pods_JNU_tong_iOSTests.framework */; };
		FC4F2C515376010767A1F668 /* Pods_JNU_tong_iOS.framework in Frameworks */ = {isa = PBXBuildFile; fileRef = 3BA933BE69BA297391F720A9 /* Pods_JNU_tong_iOS.framework */; };
/* End PBXBuildFile section */

/* Begin PBXContainerItemProxy section */
		4E3D0F0B20EFA6D70085D0BC /* PBXContainerItemProxy */ = {
			isa = PBXContainerItemProxy;
			containerPortal = 4E3D0EEE20EFA6D00085D0BC /* Project object */;
			proxyType = 1;
			remoteGlobalIDString = 4E3D0EF520EFA6D00085D0BC;
			remoteInfo = "JNU-tong-iOS";
		};
/* End PBXContainerItemProxy section */

/* Begin PBXFileReference section */
		047BD97EF01B8649B4E007AC /* Pods-JNU-tong-iOS.debug.xcconfig */ = {isa = PBXFileReference; includeInIndex = 1; lastKnownFileType = text.xcconfig; name = "Pods-JNU-tong-iOS.debug.xcconfig"; path = "Pods/Target Support Files/Pods-JNU-tong-iOS/Pods-JNU-tong-iOS.debug.xcconfig"; sourceTree = "<group>"; };
		3B4D5651C489365A36B3FA10 /* Pods-JNU-tong-iOSTests.release.xcconfig */ = {isa = PBXFileReference; includeInIndex = 1; lastKnownFileType = text.xcconfig; name = "Pods-JNU-tong-iOSTests.release.xcconfig"; path = "Pods/Target Support Files/Pods-JNU-tong-iOSTests/Pods-JNU-tong-iOSTests.release.xcconfig"; sourceTree = "<group>"; };
		3BA933BE69BA297391F720A9 /* Pods_JNU_tong_iOS.framework */ = {isa = PBXFileReference; explicitFileType = wrapper.framework; includeInIndex = 0; path = Pods_JNU_tong_iOS.framework; sourceTree = BUILT_PRODUCTS_DIR; };
		4E3D0EF620EFA6D00085D0BC /* JNU-tong-iOS.app */ = {isa = PBXFileReference; explicitFileType = wrapper.application; includeInIndex = 0; path = "JNU-tong-iOS.app"; sourceTree = BUILT_PRODUCTS_DIR; };
		4E3D0EF920EFA6D00085D0BC /* AppDelegate.swift */ = {isa = PBXFileReference; lastKnownFileType = sourcecode.swift; path = AppDelegate.swift; sourceTree = "<group>"; };
		4E3D0EFB20EFA6D00085D0BC /* ViewController.swift */ = {isa = PBXFileReference; lastKnownFileType = sourcecode.swift; path = ViewController.swift; sourceTree = "<group>"; };
		4E3D0EFE20EFA6D00085D0BC /* Base */ = {isa = PBXFileReference; lastKnownFileType = file.storyboard; name = Base; path = Base.lproj/Main.storyboard; sourceTree = "<group>"; };
		4E3D0F0020EFA6D70085D0BC /* Assets.xcassets */ = {isa = PBXFileReference; lastKnownFileType = folder.assetcatalog; path = Assets.xcassets; sourceTree = "<group>"; };
		4E3D0F0320EFA6D70085D0BC /* Base */ = {isa = PBXFileReference; lastKnownFileType = file.storyboard; name = Base; path = Base.lproj/LaunchScreen.storyboard; sourceTree = "<group>"; };
		4E3D0F0520EFA6D70085D0BC /* Info.plist */ = {isa = PBXFileReference; lastKnownFileType = text.plist.xml; path = Info.plist; sourceTree = "<group>"; };
		4E3D0F0A20EFA6D70085D0BC /* JNU-tong-iOSTests.xctest */ = {isa = PBXFileReference; explicitFileType = wrapper.cfbundle; includeInIndex = 0; path = "JNU-tong-iOSTests.xctest"; sourceTree = BUILT_PRODUCTS_DIR; };
		4E3D0F0E20EFA6D70085D0BC /* JNU_tong_iOSTests.swift */ = {isa = PBXFileReference; lastKnownFileType = sourcecode.swift; path = JNU_tong_iOSTests.swift; sourceTree = "<group>"; };
		4E3D0F1020EFA6D70085D0BC /* Info.plist */ = {isa = PBXFileReference; lastKnownFileType = text.plist.xml; path = Info.plist; sourceTree = "<group>"; };
		4EF84A1C2136B1F3000D3285 /* APIKey.plist */ = {isa = PBXFileReference; lastKnownFileType = text.plist.xml; path = APIKey.plist; sourceTree = "<group>"; };
		9B153DECB8902366D03BB374 /* Pods-JNU-tong-iOS.release.xcconfig */ = {isa = PBXFileReference; includeInIndex = 1; lastKnownFileType = text.xcconfig; name = "Pods-JNU-tong-iOS.release.xcconfig"; path = "Pods/Target Support Files/Pods-JNU-tong-iOS/Pods-JNU-tong-iOS.release.xcconfig"; sourceTree = "<group>"; };
		A58D5F60A588E2E6194953EA /* Pods-JNU-tong-iOSTests.debug.xcconfig */ = {isa = PBXFileReference; includeInIndex = 1; lastKnownFileType = text.xcconfig; name = "Pods-JNU-tong-iOSTests.debug.xcconfig"; path = "Pods/Target Support Files/Pods-JNU-tong-iOSTests/Pods-JNU-tong-iOSTests.debug.xcconfig"; sourceTree = "<group>"; };
		CD2E3A3280F82C29F607AA6F /* Pods_JNU_tong_iOSTests.framework */ = {isa = PBXFileReference; explicitFileType = wrapper.framework; includeInIndex = 0; path = Pods_JNU_tong_iOSTests.framework; sourceTree = BUILT_PRODUCTS_DIR; };
/* End PBXFileReference section */

/* Begin PBXFrameworksBuildPhase section */
		4E3D0EF320EFA6D00085D0BC /* Frameworks */ = {
			isa = PBXFrameworksBuildPhase;
			buildActionMask = 2147483647;
			files = (
				FC4F2C515376010767A1F668 /* Pods_JNU_tong_iOS.framework in Frameworks */,
			);
			runOnlyForDeploymentPostprocessing = 0;
		};
		4E3D0F0720EFA6D70085D0BC /* Frameworks */ = {
			isa = PBXFrameworksBuildPhase;
			buildActionMask = 2147483647;
			files = (
				61EFB04D360D0FA395E852FB /* Pods_JNU_tong_iOSTests.framework in Frameworks */,
			);
			runOnlyForDeploymentPostprocessing = 0;
		};
/* End PBXFrameworksBuildPhase section */

/* Begin PBXGroup section */
		4E3D0EED20EFA6D00085D0BC = {
			isa = PBXGroup;
			children = (
				4E3D0EF820EFA6D00085D0BC /* JNU-tong-iOS */,
				4E3D0F0D20EFA6D70085D0BC /* JNU-tong-iOSTests */,
				4E3D0EF720EFA6D00085D0BC /* Products */,
				688CC6D7EB1BE7007E9FF056 /* Pods */,
				DC5657ABBE2D368408B2F76E /* Frameworks */,
			);
			sourceTree = "<group>";
		};
		4E3D0EF720EFA6D00085D0BC /* Products */ = {
			isa = PBXGroup;
			children = (
				4E3D0EF620EFA6D00085D0BC /* JNU-tong-iOS.app */,
				4E3D0F0A20EFA6D70085D0BC /* JNU-tong-iOSTests.xctest */,
			);
			name = Products;
			sourceTree = "<group>";
		};
		4E3D0EF820EFA6D00085D0BC /* JNU-tong-iOS */ = {
			isa = PBXGroup;
			children = (
				4EF84A1E2136B2C0000D3285 /* Networking */,
				4E3D0F1A20EFA8130085D0BC /* Supporting Files */,
				4E3D0F1920EFA7F60085D0BC /* Resources */,
				4E3D0EFB20EFA6D00085D0BC /* ViewController.swift */,
				4E3D0EFD20EFA6D00085D0BC /* Main.storyboard */,
			);
			path = "JNU-tong-iOS";
			sourceTree = "<group>";
		};
		4E3D0F0D20EFA6D70085D0BC /* JNU-tong-iOSTests */ = {
			isa = PBXGroup;
			children = (
				4E3D0F0E20EFA6D70085D0BC /* JNU_tong_iOSTests.swift */,
				4E3D0F1020EFA6D70085D0BC /* Info.plist */,
			);
			path = "JNU-tong-iOSTests";
			sourceTree = "<group>";
		};
		4E3D0F1920EFA7F60085D0BC /* Resources */ = {
			isa = PBXGroup;
			children = (
				4E3D0F0020EFA6D70085D0BC /* Assets.xcassets */,
			);
			path = Resources;
			sourceTree = "<group>";
		};
		4E3D0F1A20EFA8130085D0BC /* Supporting Files */ = {
			isa = PBXGroup;
			children = (
				4EF84A1C2136B1F3000D3285 /* APIKey.plist */,
				4E3D0F0520EFA6D70085D0BC /* Info.plist */,
				4E3D0F0220EFA6D70085D0BC /* LaunchScreen.storyboard */,
				4E3D0EF920EFA6D00085D0BC /* AppDelegate.swift */,
			);
			path = "Supporting Files";
			sourceTree = "<group>";
		};
		4EF84A1E2136B2C0000D3285 /* Networking */ = {
			isa = PBXGroup;
			children = (
			);
			path = Networking;
			sourceTree = "<group>";
		};
		688CC6D7EB1BE7007E9FF056 /* Pods */ = {
			isa = PBXGroup;
			children = (
				047BD97EF01B8649B4E007AC /* Pods-JNU-tong-iOS.debug.xcconfig */,
				9B153DECB8902366D03BB374 /* Pods-JNU-tong-iOS.release.xcconfig */,
				A58D5F60A588E2E6194953EA /* Pods-JNU-tong-iOSTests.debug.xcconfig */,
				3B4D5651C489365A36B3FA10 /* Pods-JNU-tong-iOSTests.release.xcconfig */,
			);
			name = Pods;
			sourceTree = "<group>";
		};
		DC5657ABBE2D368408B2F76E /* Frameworks */ = {
			isa = PBXGroup;
			children = (
				3BA933BE69BA297391F720A9 /* Pods_JNU_tong_iOS.framework */,
				CD2E3A3280F82C29F607AA6F /* Pods_JNU_tong_iOSTests.framework */,
			);
			name = Frameworks;
			sourceTree = "<group>";
		};
/* End PBXGroup section */

/* Begin PBXNativeTarget section */
		4E3D0EF520EFA6D00085D0BC /* JNU-tong-iOS */ = {
			isa = PBXNativeTarget;
			buildConfigurationList = 4E3D0F1320EFA6D70085D0BC /* Build configuration list for PBXNativeTarget "JNU-tong-iOS" */;
			buildPhases = (
				E973494C80EF1D7AA0668463 /* [CP] Check Pods Manifest.lock */,
				4E3D0EF220EFA6D00085D0BC /* Sources */,
				4E3D0EF320EFA6D00085D0BC /* Frameworks */,
				4E3D0EF420EFA6D00085D0BC /* Resources */,
			);
			buildRules = (
			);
			dependencies = (
			);
			name = "JNU-tong-iOS";
			productName = "JNU-tong-iOS";
			productReference = 4E3D0EF620EFA6D00085D0BC /* JNU-tong-iOS.app */;
			productType = "com.apple.product-type.application";
		};
		4E3D0F0920EFA6D70085D0BC /* JNU-tong-iOSTests */ = {
			isa = PBXNativeTarget;
			buildConfigurationList = 4E3D0F1620EFA6D70085D0BC /* Build configuration list for PBXNativeTarget "JNU-tong-iOSTests" */;
			buildPhases = (
				E2B7683E8FE2C7B386D244A9 /* [CP] Check Pods Manifest.lock */,
				4E3D0F0620EFA6D70085D0BC /* Sources */,
				4E3D0F0720EFA6D70085D0BC /* Frameworks */,
				4E3D0F0820EFA6D70085D0BC /* Resources */,
				6CF5977AB4545AFDB596BEC4 /* [CP] Embed Pods Frameworks */,
			);
			buildRules = (
			);
			dependencies = (
				4E3D0F0C20EFA6D70085D0BC /* PBXTargetDependency */,
			);
			name = "JNU-tong-iOSTests";
			productName = "JNU-tong-iOSTests";
			productReference = 4E3D0F0A20EFA6D70085D0BC /* JNU-tong-iOSTests.xctest */;
			productType = "com.apple.product-type.bundle.unit-test";
		};
/* End PBXNativeTarget section */

/* Begin PBXProject section */
		4E3D0EEE20EFA6D00085D0BC /* Project object */ = {
			isa = PBXProject;
			attributes = {
				LastSwiftUpdateCheck = 0940;
				LastUpgradeCheck = 0940;
				ORGANIZATIONNAME = "Seong ho Hong";
				TargetAttributes = {
					4E3D0EF520EFA6D00085D0BC = {
						CreatedOnToolsVersion = 9.4.1;
					};
					4E3D0F0920EFA6D70085D0BC = {
						CreatedOnToolsVersion = 9.4.1;
						TestTargetID = 4E3D0EF520EFA6D00085D0BC;
					};
				};
			};
			buildConfigurationList = 4E3D0EF120EFA6D00085D0BC /* Build configuration list for PBXProject "JNU-tong-iOS" */;
			compatibilityVersion = "Xcode 9.3";
			developmentRegion = en;
			hasScannedForEncodings = 0;
			knownRegions = (
				en,
				Base,
			);
			mainGroup = 4E3D0EED20EFA6D00085D0BC;
			productRefGroup = 4E3D0EF720EFA6D00085D0BC /* Products */;
			projectDirPath = "";
			projectRoot = "";
			targets = (
				4E3D0EF520EFA6D00085D0BC /* JNU-tong-iOS */,
				4E3D0F0920EFA6D70085D0BC /* JNU-tong-iOSTests */,
			);
		};
/* End PBXProject section */

/* Begin PBXResourcesBuildPhase section */
		4E3D0EF420EFA6D00085D0BC /* Resources */ = {
			isa = PBXResourcesBuildPhase;
			buildActionMask = 2147483647;
			files = (
				4E3D0F0420EFA6D70085D0BC /* LaunchScreen.storyboard in Resources */,
				4EF84A1D2136B1F3000D3285 /* APIKey.plist in Resources */,
				4E3D0F0120EFA6D70085D0BC /* Assets.xcassets in Resources */,
				4E3D0EFF20EFA6D00085D0BC /* Main.storyboard in Resources */,
			);
			runOnlyForDeploymentPostprocessing = 0;
		};
		4E3D0F0820EFA6D70085D0BC /* Resources */ = {
			isa = PBXResourcesBuildPhase;
			buildActionMask = 2147483647;
			files = (
			);
			runOnlyForDeploymentPostprocessing = 0;
		};
/* End PBXResourcesBuildPhase section */

/* Begin PBXShellScriptBuildPhase section */
		6CF5977AB4545AFDB596BEC4 /* [CP] Embed Pods Frameworks */ = {
			isa = PBXShellScriptBuildPhase;
			buildActionMask = 2147483647;
			files = (
			);
			inputPaths = (
				"${SRCROOT}/Pods/Target Support Files/Pods-JNU-tong-iOSTests/Pods-JNU-tong-iOSTests-frameworks.sh",
				"${BUILT_PRODUCTS_DIR}/RxSwift/RxSwift.framework",
			);
			name = "[CP] Embed Pods Frameworks";
			outputPaths = (
				"${TARGET_BUILD_DIR}/${FRAMEWORKS_FOLDER_PATH}/RxSwift.framework",
			);
			runOnlyForDeploymentPostprocessing = 0;
			shellPath = /bin/sh;
			shellScript = "\"${SRCROOT}/Pods/Target Support Files/Pods-JNU-tong-iOSTests/Pods-JNU-tong-iOSTests-frameworks.sh\"\n";
			showEnvVarsInLog = 0;
		};
		E2B7683E8FE2C7B386D244A9 /* [CP] Check Pods Manifest.lock */ = {
			isa = PBXShellScriptBuildPhase;
			buildActionMask = 2147483647;
			files = (
			);
			inputPaths = (
				"${PODS_PODFILE_DIR_PATH}/Podfile.lock",
				"${PODS_ROOT}/Manifest.lock",
			);
			name = "[CP] Check Pods Manifest.lock";
			outputPaths = (
				"$(DERIVED_FILE_DIR)/Pods-JNU-tong-iOSTests-checkManifestLockResult.txt",
			);
			runOnlyForDeploymentPostprocessing = 0;
			shellPath = /bin/sh;
			shellScript = "diff \"${PODS_PODFILE_DIR_PATH}/Podfile.lock\" \"${PODS_ROOT}/Manifest.lock\" > /dev/null\nif [ $? != 0 ] ; then\n    # print error to STDERR\n    echo \"error: The sandbox is not in sync with the Podfile.lock. Run 'pod install' or update your CocoaPods installation.\" >&2\n    exit 1\nfi\n# This output is used by Xcode 'outputs' to avoid re-running this script phase.\necho \"SUCCESS\" > \"${SCRIPT_OUTPUT_FILE_0}\"\n";
			showEnvVarsInLog = 0;
		};
		E973494C80EF1D7AA0668463 /* [CP] Check Pods Manifest.lock */ = {
			isa = PBXShellScriptBuildPhase;
			buildActionMask = 2147483647;
			files = (
			);
			inputPaths = (
				"${PODS_PODFILE_DIR_PATH}/Podfile.lock",
				"${PODS_ROOT}/Manifest.lock",
			);
			name = "[CP] Check Pods Manifest.lock";
			outputPaths = (
				"$(DERIVED_FILE_DIR)/Pods-JNU-tong-iOS-checkManifestLockResult.txt",
			);
			runOnlyForDeploymentPostprocessing = 0;
			shellPath = /bin/sh;
			shellScript = "diff \"${PODS_PODFILE_DIR_PATH}/Podfile.lock\" \"${PODS_ROOT}/Manifest.lock\" > /dev/null\nif [ $? != 0 ] ; then\n    # print error to STDERR\n    echo \"error: The sandbox is not in sync with the Podfile.lock. Run 'pod install' or update your CocoaPods installation.\" >&2\n    exit 1\nfi\n# This output is used by Xcode 'outputs' to avoid re-running this script phase.\necho \"SUCCESS\" > \"${SCRIPT_OUTPUT_FILE_0}\"\n";
			showEnvVarsInLog = 0;
		};
/* End PBXShellScriptBuildPhase section */

/* Begin PBXSourcesBuildPhase section */
		4E3D0EF220EFA6D00085D0BC /* Sources */ = {
			isa = PBXSourcesBuildPhase;
			buildActionMask = 2147483647;
			files = (
				4E3D0EFC20EFA6D00085D0BC /* ViewController.swift in Sources */,
				4E3D0EFA20EFA6D00085D0BC /* AppDelegate.swift in Sources */,
			);
			runOnlyForDeploymentPostprocessing = 0;
		};
		4E3D0F0620EFA6D70085D0BC /* Sources */ = {
			isa = PBXSourcesBuildPhase;
			buildActionMask = 2147483647;
			files = (
				4E3D0F0F20EFA6D70085D0BC /* JNU_tong_iOSTests.swift in Sources */,
			);
			runOnlyForDeploymentPostprocessing = 0;
		};
/* End PBXSourcesBuildPhase section */

/* Begin PBXTargetDependency section */
		4E3D0F0C20EFA6D70085D0BC /* PBXTargetDependency */ = {
			isa = PBXTargetDependency;
			target = 4E3D0EF520EFA6D00085D0BC /* JNU-tong-iOS */;
			targetProxy = 4E3D0F0B20EFA6D70085D0BC /* PBXContainerItemProxy */;
		};
/* End PBXTargetDependency section */

/* Begin PBXVariantGroup section */
		4E3D0EFD20EFA6D00085D0BC /* Main.storyboard */ = {
			isa = PBXVariantGroup;
			children = (
				4E3D0EFE20EFA6D00085D0BC /* Base */,
			);
			name = Main.storyboard;
			sourceTree = "<group>";
		};
		4E3D0F0220EFA6D70085D0BC /* LaunchScreen.storyboard */ = {
			isa = PBXVariantGroup;
			children = (
				4E3D0F0320EFA6D70085D0BC /* Base */,
			);
			name = LaunchScreen.storyboard;
			sourceTree = "<group>";
		};
/* End PBXVariantGroup section */

/* Begin XCBuildConfiguration section */
		4E3D0F1120EFA6D70085D0BC /* Debug */ = {
			isa = XCBuildConfiguration;
			buildSettings = {
				ALWAYS_SEARCH_USER_PATHS = NO;
				CLANG_ANALYZER_NONNULL = YES;
				CLANG_ANALYZER_NUMBER_OBJECT_CONVERSION = YES_AGGRESSIVE;
				CLANG_CXX_LANGUAGE_STANDARD = "gnu++14";
				CLANG_CXX_LIBRARY = "libc++";
				CLANG_ENABLE_MODULES = YES;
				CLANG_ENABLE_OBJC_ARC = YES;
				CLANG_ENABLE_OBJC_WEAK = YES;
				CLANG_WARN_BLOCK_CAPTURE_AUTORELEASING = YES;
				CLANG_WARN_BOOL_CONVERSION = YES;
				CLANG_WARN_COMMA = YES;
				CLANG_WARN_CONSTANT_CONVERSION = YES;
				CLANG_WARN_DEPRECATED_OBJC_IMPLEMENTATIONS = YES;
				CLANG_WARN_DIRECT_OBJC_ISA_USAGE = YES_ERROR;
				CLANG_WARN_DOCUMENTATION_COMMENTS = YES;
				CLANG_WARN_EMPTY_BODY = YES;
				CLANG_WARN_ENUM_CONVERSION = YES;
				CLANG_WARN_INFINITE_RECURSION = YES;
				CLANG_WARN_INT_CONVERSION = YES;
				CLANG_WARN_NON_LITERAL_NULL_CONVERSION = YES;
				CLANG_WARN_OBJC_IMPLICIT_RETAIN_SELF = YES;
				CLANG_WARN_OBJC_LITERAL_CONVERSION = YES;
				CLANG_WARN_OBJC_ROOT_CLASS = YES_ERROR;
				CLANG_WARN_RANGE_LOOP_ANALYSIS = YES;
				CLANG_WARN_STRICT_PROTOTYPES = YES;
				CLANG_WARN_SUSPICIOUS_MOVE = YES;
				CLANG_WARN_UNGUARDED_AVAILABILITY = YES_AGGRESSIVE;
				CLANG_WARN_UNREACHABLE_CODE = YES;
				CLANG_WARN__DUPLICATE_METHOD_MATCH = YES;
				CODE_SIGN_IDENTITY = "iPhone Developer";
				COPY_PHASE_STRIP = NO;
				DEBUG_INFORMATION_FORMAT = dwarf;
				ENABLE_STRICT_OBJC_MSGSEND = YES;
				ENABLE_TESTABILITY = YES;
				GCC_C_LANGUAGE_STANDARD = gnu11;
				GCC_DYNAMIC_NO_PIC = NO;
				GCC_NO_COMMON_BLOCKS = YES;
				GCC_OPTIMIZATION_LEVEL = 0;
				GCC_PREPROCESSOR_DEFINITIONS = (
					"DEBUG=1",
					"$(inherited)",
				);
				GCC_WARN_64_TO_32_BIT_CONVERSION = YES;
				GCC_WARN_ABOUT_RETURN_TYPE = YES_ERROR;
				GCC_WARN_UNDECLARED_SELECTOR = YES;
				GCC_WARN_UNINITIALIZED_AUTOS = YES_AGGRESSIVE;
				GCC_WARN_UNUSED_FUNCTION = YES;
				GCC_WARN_UNUSED_VARIABLE = YES;
				IPHONEOS_DEPLOYMENT_TARGET = 11.4;
				MTL_ENABLE_DEBUG_INFO = YES;
				ONLY_ACTIVE_ARCH = YES;
				SDKROOT = iphoneos;
				SWIFT_ACTIVE_COMPILATION_CONDITIONS = DEBUG;
				SWIFT_OPTIMIZATION_LEVEL = "-Onone";
			};
			name = Debug;
		};
		4E3D0F1220EFA6D70085D0BC /* Release */ = {
			isa = XCBuildConfiguration;
			buildSettings = {
				ALWAYS_SEARCH_USER_PATHS = NO;
				CLANG_ANALYZER_NONNULL = YES;
				CLANG_ANALYZER_NUMBER_OBJECT_CONVERSION = YES_AGGRESSIVE;
				CLANG_CXX_LANGUAGE_STANDARD = "gnu++14";
				CLANG_CXX_LIBRARY = "libc++";
				CLANG_ENABLE_MODULES = YES;
				CLANG_ENABLE_OBJC_ARC = YES;
				CLANG_ENABLE_OBJC_WEAK = YES;
				CLANG_WARN_BLOCK_CAPTURE_AUTORELEASING = YES;
				CLANG_WARN_BOOL_CONVERSION = YES;
				CLANG_WARN_COMMA = YES;
				CLANG_WARN_CONSTANT_CONVERSION = YES;
				CLANG_WARN_DEPRECATED_OBJC_IMPLEMENTATIONS = YES;
				CLANG_WARN_DIRECT_OBJC_ISA_USAGE = YES_ERROR;
				CLANG_WARN_DOCUMENTATION_COMMENTS = YES;
				CLANG_WARN_EMPTY_BODY = YES;
				CLANG_WARN_ENUM_CONVERSION = YES;
				CLANG_WARN_INFINITE_RECURSION = YES;
				CLANG_WARN_INT_CONVERSION = YES;
				CLANG_WARN_NON_LITERAL_NULL_CONVERSION = YES;
				CLANG_WARN_OBJC_IMPLICIT_RETAIN_SELF = YES;
				CLANG_WARN_OBJC_LITERAL_CONVERSION = YES;
				CLANG_WARN_OBJC_ROOT_CLASS = YES_ERROR;
				CLANG_WARN_RANGE_LOOP_ANALYSIS = YES;
				CLANG_WARN_STRICT_PROTOTYPES = YES;
				CLANG_WARN_SUSPICIOUS_MOVE = YES;
				CLANG_WARN_UNGUARDED_AVAILABILITY = YES_AGGRESSIVE;
				CLANG_WARN_UNREACHABLE_CODE = YES;
				CLANG_WARN__DUPLICATE_METHOD_MATCH = YES;
				CODE_SIGN_IDENTITY = "iPhone Developer";
				COPY_PHASE_STRIP = NO;
				DEBUG_INFORMATION_FORMAT = "dwarf-with-dsym";
				ENABLE_NS_ASSERTIONS = NO;
				ENABLE_STRICT_OBJC_MSGSEND = YES;
				GCC_C_LANGUAGE_STANDARD = gnu11;
				GCC_NO_COMMON_BLOCKS = YES;
				GCC_WARN_64_TO_32_BIT_CONVERSION = YES;
				GCC_WARN_ABOUT_RETURN_TYPE = YES_ERROR;
				GCC_WARN_UNDECLARED_SELECTOR = YES;
				GCC_WARN_UNINITIALIZED_AUTOS = YES_AGGRESSIVE;
				GCC_WARN_UNUSED_FUNCTION = YES;
				GCC_WARN_UNUSED_VARIABLE = YES;
				IPHONEOS_DEPLOYMENT_TARGET = 11.4;
				MTL_ENABLE_DEBUG_INFO = NO;
				SDKROOT = iphoneos;
				SWIFT_COMPILATION_MODE = wholemodule;
				SWIFT_OPTIMIZATION_LEVEL = "-O";
				VALIDATE_PRODUCT = YES;
			};
			name = Release;
		};
		4E3D0F1420EFA6D70085D0BC /* Debug */ = {
			isa = XCBuildConfiguration;
			baseConfigurationReference = 047BD97EF01B8649B4E007AC /* Pods-JNU-tong-iOS.debug.xcconfig */;
			buildSettings = {
				ASSETCATALOG_COMPILER_APPICON_NAME = AppIcon;
				CODE_SIGN_STYLE = Automatic;
				DEVELOPMENT_TEAM = Y4TX5PVNK4;
				INFOPLIST_FILE = "JNU-tong-iOS/Info.plist";
				LD_RUNPATH_SEARCH_PATHS = (
					"$(inherited)",
					"@executable_path/Frameworks",
				);
				PRODUCT_BUNDLE_IDENTIFIER = "io.github.grohong.JNU-tong-iOS";
				PRODUCT_NAME = "$(TARGET_NAME)";
				SWIFT_VERSION = 4.0;
				TARGETED_DEVICE_FAMILY = "1,2";
			};
			name = Debug;
		};
		4E3D0F1520EFA6D70085D0BC /* Release */ = {
			isa = XCBuildConfiguration;
			baseConfigurationReference = 9B153DECB8902366D03BB374 /* Pods-JNU-tong-iOS.release.xcconfig */;
			buildSettings = {
				ASSETCATALOG_COMPILER_APPICON_NAME = AppIcon;
				CODE_SIGN_STYLE = Automatic;
				DEVELOPMENT_TEAM = Y4TX5PVNK4;
				INFOPLIST_FILE = "JNU-tong-iOS/Info.plist";
				LD_RUNPATH_SEARCH_PATHS = (
					"$(inherited)",
					"@executable_path/Frameworks",
				);
				PRODUCT_BUNDLE_IDENTIFIER = "io.github.grohong.JNU-tong-iOS";
				PRODUCT_NAME = "$(TARGET_NAME)";
				SWIFT_VERSION = 4.0;
				TARGETED_DEVICE_FAMILY = "1,2";
			};
			name = Release;
		};
		4E3D0F1720EFA6D70085D0BC /* Debug */ = {
			isa = XCBuildConfiguration;
			baseConfigurationReference = A58D5F60A588E2E6194953EA /* Pods-JNU-tong-iOSTests.debug.xcconfig */;
			buildSettings = {
				ALWAYS_EMBED_SWIFT_STANDARD_LIBRARIES = YES;
				BUNDLE_LOADER = "$(TEST_HOST)";
				CODE_SIGN_STYLE = Automatic;
				DEVELOPMENT_TEAM = Y4TX5PVNK4;
				INFOPLIST_FILE = "JNU-tong-iOSTests/Info.plist";
				LD_RUNPATH_SEARCH_PATHS = (
					"$(inherited)",
					"@executable_path/Frameworks",
					"@loader_path/Frameworks",
				);
				PRODUCT_BUNDLE_IDENTIFIER = "io.github.grohong.JNU-tong-iOSTests";
				PRODUCT_NAME = "$(TARGET_NAME)";
				SWIFT_VERSION = 4.0;
				TARGETED_DEVICE_FAMILY = "1,2";
				TEST_HOST = "$(BUILT_PRODUCTS_DIR)/JNU-tong-iOS.app/JNU-tong-iOS";
			};
			name = Debug;
		};
		4E3D0F1820EFA6D70085D0BC /* Release */ = {
			isa = XCBuildConfiguration;
			baseConfigurationReference = 3B4D5651C489365A36B3FA10 /* Pods-JNU-tong-iOSTests.release.xcconfig */;
			buildSettings = {
				ALWAYS_EMBED_SWIFT_STANDARD_LIBRARIES = YES;
				BUNDLE_LOADER = "$(TEST_HOST)";
				CODE_SIGN_STYLE = Automatic;
				DEVELOPMENT_TEAM = Y4TX5PVNK4;
				INFOPLIST_FILE = "JNU-tong-iOSTests/Info.plist";
				LD_RUNPATH_SEARCH_PATHS = (
					"$(inherited)",
					"@executable_path/Frameworks",
					"@loader_path/Frameworks",
				);
				PRODUCT_BUNDLE_IDENTIFIER = "io.github.grohong.JNU-tong-iOSTests";
				PRODUCT_NAME = "$(TARGET_NAME)";
				SWIFT_VERSION = 4.0;
				TARGETED_DEVICE_FAMILY = "1,2";
				TEST_HOST = "$(BUILT_PRODUCTS_DIR)/JNU-tong-iOS.app/JNU-tong-iOS";
			};
			name = Release;
		};
/* End XCBuildConfiguration section */

/* Begin XCConfigurationList section */
		4E3D0EF120EFA6D00085D0BC /* Build configuration list for PBXProject "JNU-tong-iOS" */ = {
			isa = XCConfigurationList;
			buildConfigurations = (
				4E3D0F1120EFA6D70085D0BC /* Debug */,
				4E3D0F1220EFA6D70085D0BC /* Release */,
			);
			defaultConfigurationIsVisible = 0;
			defaultConfigurationName = Release;
		};
		4E3D0F1320EFA6D70085D0BC /* Build configuration list for PBXNativeTarget "JNU-tong-iOS" */ = {
			isa = XCConfigurationList;
			buildConfigurations = (
				4E3D0F1420EFA6D70085D0BC /* Debug */,
				4E3D0F1520EFA6D70085D0BC /* Release */,
			);
			defaultConfigurationIsVisible = 0;
			defaultConfigurationName = Release;
		};
		4E3D0F1620EFA6D70085D0BC /* Build configuration list for PBXNativeTarget "JNU-tong-iOSTests" */ = {
			isa = XCConfigurationList;
			buildConfigurations = (
				4E3D0F1720EFA6D70085D0BC /* Debug */,
				4E3D0F1820EFA6D70085D0BC /* Release */,
			);
			defaultConfigurationIsVisible = 0;
			defaultConfigurationName = Release;
		};
/* End XCConfigurationList section */
	};
	rootObject = 4E3D0EEE20EFA6D00085D0BC /* Project object */;
}
